
Microsoft Visual Studio Solution File, Format Version 12.00
# Visual Studio Version 17
VisualStudioVersion = 17.8.34316.72
MinimumVisualStudioVersion = 10.0.40219.1
Project("{FAE04EC0-301F-11D3-BF4B-00C04F79EFBC}") = "FanCodeSDETAssingment", "FanCodeSDETAssingment\FanCodeSDETAssingment.csproj", "{6EFC362D-EBC7-4DB8-A5E0-23313696476F}"
EndProject
Project("{9A19103F-16F7-4668-BE54-9A1E7A4F7556}") = "FancodeAutomation", "FancodeAutomation\FancodeAutomation.csproj", "{3A40FEDD-D8F3-47E7-A60D-C7409FB228F5}"
EndProject
Project("{2150E333-8FDC-42A3-9474-1A3956D46DE8}") = "Solution Items", "Solution Items", "{6237669C-88C2-4DB5-8954-07A64AEF50F1}"
	ProjectSection(SolutionItems) = preProject
		Config.xml = Config.xml
	EndProjectSection
EndProject
Global
	GlobalSection(SolutionConfigurationPlatforms) = preSolution
		Debug|Any CPU = Debug|Any CPU
		Release|Any CPU = Release|Any CPU
	EndGlobalSection
	GlobalSection(ProjectConfigurationPlatforms) = postSolution
		{6EFC362D-EBC7-4DB8-A5E0-23313696476F}.Debug|Any CPU.ActiveCfg = Debug|Any CPU
		{6EFC362D-EBC7-4DB8-A5E0-23313696476F}.Debug|Any CPU.Build.0 = Debug|Any CPU
		{6EFC362D-EBC7-4DB8-A5E0-23313696476F}.Release|Any CPU.ActiveCfg = Release|Any CPU
		{6EFC362D-EBC7-4DB8-A5E0-23313696476F}.Release|Any CPU.Build.0 = Release|Any CPU
		{3A40FEDD-D8F3-47E7-A60D-C7409FB228F5}.Debug|Any CPU.ActiveCfg = Debug|Any CPU
		{3A40FEDD-D8F3-47E7-A60D-C7409FB228F5}.Debug|Any CPU.Build.0 = Debug|Any CPU
		{3A40FEDD-D8F3-47E7-A60D-C7409FB228F5}.Release|Any CPU.ActiveCfg = Release|Any CPU
		{3A40FEDD-D8F3-47E7-A60D-C7409FB228F5}.Release|Any CPU.Build.0 = Release|Any CPU
	EndGlobalSection
	GlobalSection(SolutionProperties) = preSolution
		HideSolutionNode = FALSE
	EndGlobalSection
	GlobalSection(ExtensibilityGlobals) = postSolution
		SolutionGuid = {60FBBF98-A258-4222-820E-1177565D8B10}
	EndGlobalSection
EndGlobal
